
Microsoft Visual Studio Solution File, Format Version 12.00
# Visual Studio Version 17
VisualStudioVersion = 17.3.32929.385
MinimumVisualStudioVersion = 10.0.40219.1
<<<<<<< HEAD
Project("{8BC9CEB8-8B4A-11D0-8D11-00A0C91BC942}") = "cloud-server", "cloud-server.vcxproj", "{ADE20252-62EB-4181-9F35-444E2C6C55E4}"
EndProject
Global
	GlobalSection(SolutionConfigurationPlatforms) = preSolution
		Debug|x64 = Debug|x64
		Debug|x86 = Debug|x86
		Release|x64 = Release|x64
		Release|x86 = Release|x86
	EndGlobalSection
	GlobalSection(ProjectConfigurationPlatforms) = postSolution
		{ADE20252-62EB-4181-9F35-444E2C6C55E4}.Debug|x64.ActiveCfg = Debug|x64
		{ADE20252-62EB-4181-9F35-444E2C6C55E4}.Debug|x64.Build.0 = Debug|x64
		{ADE20252-62EB-4181-9F35-444E2C6C55E4}.Debug|x86.ActiveCfg = Debug|Win32
		{ADE20252-62EB-4181-9F35-444E2C6C55E4}.Debug|x86.Build.0 = Debug|Win32
		{ADE20252-62EB-4181-9F35-444E2C6C55E4}.Release|x64.ActiveCfg = Release|x64
		{ADE20252-62EB-4181-9F35-444E2C6C55E4}.Release|x64.Build.0 = Release|x64
		{ADE20252-62EB-4181-9F35-444E2C6C55E4}.Release|x86.ActiveCfg = Release|Win32
		{ADE20252-62EB-4181-9F35-444E2C6C55E4}.Release|x86.Build.0 = Release|Win32
=======
Project("{FAE04EC0-301F-11D3-BF4B-00C04F79EFBC}") = "cloud-server", "cloud-server.csproj", "{034702CA-DF29-4D92-9C1E-88DC3B8B64B5}"
EndProject
Global
	GlobalSection(SolutionConfigurationPlatforms) = preSolution
		Debug|Any CPU = Debug|Any CPU
		Release|Any CPU = Release|Any CPU
	EndGlobalSection
	GlobalSection(ProjectConfigurationPlatforms) = postSolution
		{034702CA-DF29-4D92-9C1E-88DC3B8B64B5}.Debug|Any CPU.ActiveCfg = Debug|Any CPU
		{034702CA-DF29-4D92-9C1E-88DC3B8B64B5}.Debug|Any CPU.Build.0 = Debug|Any CPU
		{034702CA-DF29-4D92-9C1E-88DC3B8B64B5}.Release|Any CPU.ActiveCfg = Release|Any CPU
		{034702CA-DF29-4D92-9C1E-88DC3B8B64B5}.Release|Any CPU.Build.0 = Release|Any CPU
>>>>>>> c8d35dbd033e50c9a9df47caf8333c588a56790a
	EndGlobalSection
	GlobalSection(SolutionProperties) = preSolution
		HideSolutionNode = FALSE
	EndGlobalSection
	GlobalSection(ExtensibilityGlobals) = postSolution
<<<<<<< HEAD
		SolutionGuid = {A8D2DAA6-1C48-4063-A6F4-A10BC82AA8FD}
=======
		SolutionGuid = {00960ABA-34B6-42D3-A1EA-DB3A1518693E}
>>>>>>> c8d35dbd033e50c9a9df47caf8333c588a56790a
	EndGlobalSection
EndGlobal
