
Microsoft Visual Studio Solution File, Format Version 12.00
# Visual Studio Version 17
VisualStudioVersion = 17.3.32929.385
MinimumVisualStudioVersion = 10.0.40219.1
Project("{9A19103F-16F7-4668-BE54-9A1E7A4F7556}") = "cloud-server", "cloud-server.csproj", "{034702CA-DF29-4D92-9C1E-88DC3B8B64B5}"
EndProject
Global
	GlobalSection(SolutionConfigurationPlatforms) = preSolution
		Debug|Any CPU = Debug|Any CPU
		Release|Any CPU = Release|Any CPU
	EndGlobalSection
	GlobalSection(ProjectConfigurationPlatforms) = postSolution
		{034702CA-DF29-4D92-9C1E-88DC3B8B64B5}.Debug|Any CPU.ActiveCfg = Debug|Any CPU
		{034702CA-DF29-4D92-9C1E-88DC3B8B64B5}.Debug|Any CPU.Build.0 = Debug|Any CPU
		{034702CA-DF29-4D92-9C1E-88DC3B8B64B5}.Release|Any CPU.ActiveCfg = Release|Any CPU
		{034702CA-DF29-4D92-9C1E-88DC3B8B64B5}.Release|Any CPU.Build.0 = Release|Any CPU
	EndGlobalSection
	GlobalSection(SolutionProperties) = preSolution
		HideSolutionNode = FALSE
	EndGlobalSection
	GlobalSection(ExtensibilityGlobals) = postSolution
		SolutionGuid = {00960ABA-34B6-42D3-A1EA-DB3A1518693E}
	EndGlobalSection
EndGlobal
